Microsoft Visual Studio Solution File, Format Version 12.00
# Visual Studio 2012
Project("{FAE04EC0-301F-11D3-BF4B-00C04F79EFBC}") = "dodge_the_creeps", "dodge_the_creeps.csproj", "{CC6F7E53-0F83-41D6-A670-B2010C423DC2}"
EndProject
Global
	GlobalSection(SolutionConfigurationPlatforms) = preSolution
	Debug|Any CPU = Debug|Any CPU
	ExportDebug|Any CPU = ExportDebug|Any CPU
	ExportRelease|Any CPU = ExportRelease|Any CPU
	EndGlobalSection
	GlobalSection(ProjectConfigurationPlatforms) = postSolution
		{CC6F7E53-0F83-41D6-A670-B2010C423DC2}.Debug|Any CPU.ActiveCfg = Debug|Any CPU
		{CC6F7E53-0F83-41D6-A670-B2010C423DC2}.Debug|Any CPU.Build.0 = Debug|Any CPU
		{CC6F7E53-0F83-41D6-A670-B2010C423DC2}.ExportDebug|Any CPU.ActiveCfg = ExportDebug|Any CPU
		{CC6F7E53-0F83-41D6-A670-B2010C423DC2}.ExportDebug|Any CPU.Build.0 = ExportDebug|Any CPU
		{CC6F7E53-0F83-41D6-A670-B2010C423DC2}.ExportRelease|Any CPU.ActiveCfg = ExportRelease|Any CPU
		{CC6F7E53-0F83-41D6-A670-B2010C423DC2}.ExportRelease|Any CPU.Build.0 = ExportRelease|Any CPU
	EndGlobalSection
EndGlobal
